# THIS IS AN AUTOGENERATED FILE. DO NOT EDIT THIS FILE DIRECTLY.
# yarn lockfile v1


opentype.js@^1.3.3:
  version "1.3.3"
  resolved "https://registry.yarnpkg.com/opentype.js/-/opentype.js-1.3.3.tgz#65b8645b090a1ad444065b784d442fa19d1061f6"
  integrity sha512-/qIY/+WnKGlPIIPhbeNjynfD2PO15G9lA/xqlX2bDH+4lc3Xz5GCQ68mqxj3DdUv6AJqCeaPvuAoH8mVL0zcuA==
  dependencies:
    string.prototype.codepointat "^0.2.1"
    tiny-inflate "^1.0.3"

string.prototype.codepointat@^0.2.1:
  version "0.2.1"
  resolved "https://registry.yarnpkg.com/string.prototype.codepointat/-/string.prototype.codepointat-0.2.1.tgz#004ad44c8afc727527b108cd462b4d971cd469bc"
  integrity sha512-2cBVCj6I4IOvEnjgO/hWqXjqBGsY+zwPmHl12Srk9IXSZ56Jwwmy+66XO5Iut/oQVR7t5ihYdLB0GMa4alEUcg==

tiny-inflate@^1.0.3:
  version "1.0.3"
  resolved "https://registry.yarnpkg.com/tiny-inflate/-/tiny-inflate-1.0.3.tgz#122715494913a1805166aaf7c93467933eea26c4"
  integrity sha512-pkY1fj1cKHb2seWDy0B16HeWyczlJA9/WW3u3c4z/NiWDsO3DOU5D7nhTLE9CF0yXv/QZFY7sEJmj24dK+Rrqw==
